// !$*UTF8*$!
{
	archiveVersion = 1;
	classes = {
	};
	objectVersion = 56;
	objects = {

/* Begin PBXBuildFile section */
		AF03763B2AEABA7C00C3B697 /* Extension.swift in Sources */ = {isa = PBXBuildFile; fileRef = AF03763A2AEABA7C00C3B697 /* Extension.swift */; };
		AF03763D2AEABEB900C3B697 /* CardView.swift in Sources */ = {isa = PBXBuildFile; fileRef = AF03763C2AEABEB900C3B697 /* CardView.swift */; };
		AF03763F2AEAC6BD00C3B697 /* MainScreenView.swift in Sources */ = {isa = PBXBuildFile; fileRef = AF03763E2AEAC6BD00C3B697 /* MainScreenView.swift */; };
		AF0376412AEB130200C3B697 /* CardSmallView.swift in Sources */ = {isa = PBXBuildFile; fileRef = AF0376402AEB130200C3B697 /* CardSmallView.swift */; };
		AF0376432AEBA08100C3B697 /* MyCardsListView.swift in Sources */ = {isa = PBXBuildFile; fileRef = AF0376422AEBA08100C3B697 /* MyCardsListView.swift */; };
		AF0376452AEBC6AB00C3B697 /* RecentTransactionsListView.swift in Sources */ = {isa = PBXBuildFile; fileRef = AF0376442AEBC6AB00C3B697 /* RecentTransactionsListView.swift */; };
		AF0376472AEBC90500C3B697 /* TransactionSmallView.swift in Sources */ = {isa = PBXBuildFile; fileRef = AF0376462AEBC90500C3B697 /* TransactionSmallView.swift */; };
		AF0376492AEBD84100C3B697 /* PartnerCircleView.swift in Sources */ = {isa = PBXBuildFile; fileRef = AF0376482AEBD84100C3B697 /* PartnerCircleView.swift */; };
		AF03764C2AEBE7F100C3B697 /* BankingAPI.swift in Sources */ = {isa = PBXBuildFile; fileRef = AF03764B2AEBE7F100C3B697 /* BankingAPI.swift */; };
		AF03764F2AEBE81400C3B697 /* BankingViewModel.swift in Sources */ = {isa = PBXBuildFile; fileRef = AF03764E2AEBE81300C3B697 /* BankingViewModel.swift */; };
		AF0376512AEBF5C500C3B697 /* CardDetailView.swift in Sources */ = {isa = PBXBuildFile; fileRef = AF0376502AEBF5C500C3B697 /* CardDetailView.swift */; };
		AF0376532AEBF86A00C3B697 /* TransactionSumView.swift in Sources */ = {isa = PBXBuildFile; fileRef = AF0376522AEBF86A00C3B697 /* TransactionSumView.swift */; };
		AF0376552AEC19B200C3B697 /* TransactionCardSmallView.swift in Sources */ = {isa = PBXBuildFile; fileRef = AF0376542AEC19B200C3B697 /* TransactionCardSmallView.swift */; };
		AF0376572AEC26FC00C3B697 /* MockData.swift in Sources */ = {isa = PBXBuildFile; fileRef = AF0376562AEC26FC00C3B697 /* MockData.swift */; };
		AF03765B2AEC45B500C3B697 /* Card.swift in Sources */ = {isa = PBXBuildFile; fileRef = AF03765A2AEC45B500C3B697 /* Card.swift */; };
		AF0376632AEC472900C3B697 /* TranactionCardListView.swift in Sources */ = {isa = PBXBuildFile; fileRef = AF0376622AEC472900C3B697 /* TranactionCardListView.swift */; };
		AFD0EEDF2AE92C2E00ACEB3F /* SpendbaseApp.swift in Sources */ = {isa = PBXBuildFile; fileRef = AFD0EEDE2AE92C2E00ACEB3F /* SpendbaseApp.swift */; };
		AFD0EEE12AE92C2E00ACEB3F /* ContentView.swift in Sources */ = {isa = PBXBuildFile; fileRef = AFD0EEE02AE92C2E00ACEB3F /* ContentView.swift */; };
		AFD0EEE32AE92C3200ACEB3F /* Assets.xcassets in Resources */ = {isa = PBXBuildFile; fileRef = AFD0EEE22AE92C3200ACEB3F /* Assets.xcassets */; };
		AFD0EEE62AE92C3200ACEB3F /* Preview Assets.xcassets in Resources */ = {isa = PBXBuildFile; fileRef = AFD0EEE52AE92C3200ACEB3F /* Preview Assets.xcassets */; };
/* End PBXBuildFile section */

/* Begin PBXFileReference section */
		AF03763A2AEABA7C00C3B697 /* Extension.swift */ = {isa = PBXFileReference; lastKnownFileType = sourcecode.swift; path = Extension.swift; sourceTree = "<group>"; };
		AF03763C2AEABEB900C3B697 /* CardView.swift */ = {isa = PBXFileReference; lastKnownFileType = sourcecode.swift; path = CardView.swift; sourceTree = "<group>"; };
		AF03763E2AEAC6BD00C3B697 /* MainScreenView.swift */ = {isa = PBXFileReference; lastKnownFileType = sourcecode.swift; path = MainScreenView.swift; sourceTree = "<group>"; };
		AF0376402AEB130200C3B697 /* CardSmallView.swift */ = {isa = PBXFileReference; lastKnownFileType = sourcecode.swift; path = CardSmallView.swift; sourceTree = "<group>"; };
		AF0376422AEBA08100C3B697 /* MyCardsListView.swift */ = {isa = PBXFileReference; lastKnownFileType = sourcecode.swift; path = MyCardsListView.swift; sourceTree = "<group>"; };
		AF0376442AEBC6AB00C3B697 /* RecentTransactionsListView.swift */ = {isa = PBXFileReference; lastKnownFileType = sourcecode.swift; path = RecentTransactionsListView.swift; sourceTree = "<group>"; };
		AF0376462AEBC90500C3B697 /* TransactionSmallView.swift */ = {isa = PBXFileReference; lastKnownFileType = sourcecode.swift; path = TransactionSmallView.swift; sourceTree = "<group>"; };
		AF0376482AEBD84100C3B697 /* PartnerCircleView.swift */ = {isa = PBXFileReference; lastKnownFileType = sourcecode.swift; path = PartnerCircleView.swift; sourceTree = "<group>"; };
		AF03764B2AEBE7F100C3B697 /* BankingAPI.swift */ = {isa = PBXFileReference; lastKnownFileType = sourcecode.swift; path = BankingAPI.swift; sourceTree = "<group>"; };
		AF03764E2AEBE81300C3B697 /* BankingViewModel.swift */ = {isa = PBXFileReference; lastKnownFileType = sourcecode.swift; path = BankingViewModel.swift; sourceTree = "<group>"; };
		AF0376502AEBF5C500C3B697 /* CardDetailView.swift */ = {isa = PBXFileReference; lastKnownFileType = sourcecode.swift; path = CardDetailView.swift; sourceTree = "<group>"; };
		AF0376522AEBF86A00C3B697 /* TransactionSumView.swift */ = {isa = PBXFileReference; lastKnownFileType = sourcecode.swift; path = TransactionSumView.swift; sourceTree = "<group>"; };
		AF0376542AEC19B200C3B697 /* TransactionCardSmallView.swift */ = {isa = PBXFileReference; lastKnownFileType = sourcecode.swift; path = TransactionCardSmallView.swift; sourceTree = "<group>"; };
		AF0376562AEC26FC00C3B697 /* MockData.swift */ = {isa = PBXFileReference; lastKnownFileType = sourcecode.swift; path = MockData.swift; sourceTree = "<group>"; };
		AF03765A2AEC45B500C3B697 /* Card.swift */ = {isa = PBXFileReference; lastKnownFileType = sourcecode.swift; path = Card.swift; sourceTree = "<group>"; };
		AF0376622AEC472900C3B697 /* TranactionCardListView.swift */ = {isa = PBXFileReference; lastKnownFileType = sourcecode.swift; path = TranactionCardListView.swift; sourceTree = "<group>"; };
		AFD0EEDB2AE92C2E00ACEB3F /* Spendbase.app */ = {isa = PBXFileReference; explicitFileType = wrapper.application; includeInIndex = 0; path = Spendbase.app; sourceTree = BUILT_PRODUCTS_DIR; };
		AFD0EEDE2AE92C2E00ACEB3F /* SpendbaseApp.swift */ = {isa = PBXFileReference; lastKnownFileType = sourcecode.swift; path = SpendbaseApp.swift; sourceTree = "<group>"; };
		AFD0EEE02AE92C2E00ACEB3F /* ContentView.swift */ = {isa = PBXFileReference; lastKnownFileType = sourcecode.swift; path = ContentView.swift; sourceTree = "<group>"; };
		AFD0EEE22AE92C3200ACEB3F /* Assets.xcassets */ = {isa = PBXFileReference; lastKnownFileType = folder.assetcatalog; path = Assets.xcassets; sourceTree = "<group>"; };
		AFD0EEE52AE92C3200ACEB3F /* Preview Assets.xcassets */ = {isa = PBXFileReference; lastKnownFileType = folder.assetcatalog; path = "Preview Assets.xcassets"; sourceTree = "<group>"; };
/* End PBXFileReference section */

/* Begin PBXFrameworksBuildPhase section */
		AFD0EED82AE92C2E00ACEB3F /* Frameworks */ = {
			isa = PBXFrameworksBuildPhase;
			buildActionMask = 2147483647;
			files = (
			);
			runOnlyForDeploymentPostprocessing = 0;
		};
/* End PBXFrameworksBuildPhase section */

/* Begin PBXGroup section */
		AF03764A2AEBE7BF00C3B697 /* Networking */ = {
			isa = PBXGroup;
			children = (
				AF03764B2AEBE7F100C3B697 /* BankingAPI.swift */,
			);
			path = Networking;
			sourceTree = "<group>";
		};
		AF03764D2AEBE7F700C3B697 /* ViewModel */ = {
			isa = PBXGroup;
			children = (
				AF03764E2AEBE81300C3B697 /* BankingViewModel.swift */,
			);
			path = ViewModel;
			sourceTree = "<group>";
		};
		AF0376582AEC457400C3B697 /* View */ = {
			isa = PBXGroup;
			children = (
				AF0376602AEC469700C3B697 /* Transaction */,
				AF03765E2AEC462000C3B697 /* Card */,
				AF03765D2AEC45E300C3B697 /* CardDetailsScreen */,
				AF03765C2AEC45D700C3B697 /* MainScreen */,
			);
			path = View;
			sourceTree = "<group>";
		};
		AF0376592AEC458500C3B697 /* Model */ = {
			isa = PBXGroup;
			children = (
				AF03765A2AEC45B500C3B697 /* Card.swift */,
			);
			path = Model;
			sourceTree = "<group>";
		};
		AF03765C2AEC45D700C3B697 /* MainScreen */ = {
			isa = PBXGroup;
			children = (
				AF03765F2AEC463B00C3B697 /* Lists */,
				AF03763E2AEAC6BD00C3B697 /* MainScreenView.swift */,
			);
			path = MainScreen;
			sourceTree = "<group>";
		};
		AF03765D2AEC45E300C3B697 /* CardDetailsScreen */ = {
			isa = PBXGroup;
			children = (
				AF0376612AEC46F800C3B697 /* Lists */,
				AF0376502AEBF5C500C3B697 /* CardDetailView.swift */,
			);
			path = CardDetailsScreen;
			sourceTree = "<group>";
		};
		AF03765E2AEC462000C3B697 /* Card */ = {
			isa = PBXGroup;
			children = (
				AF0376402AEB130200C3B697 /* CardSmallView.swift */,
				AF03763C2AEABEB900C3B697 /* CardView.swift */,
			);
			path = Card;
			sourceTree = "<group>";
		};
		AF03765F2AEC463B00C3B697 /* Lists */ = {
			isa = PBXGroup;
			children = (
				AF0376422AEBA08100C3B697 /* MyCardsListView.swift */,
				AF0376442AEBC6AB00C3B697 /* RecentTransactionsListView.swift */,
			);
			path = Lists;
			sourceTree = "<group>";
		};
		AF0376602AEC469700C3B697 /* Transaction */ = {
			isa = PBXGroup;
			children = (
				AF0376462AEBC90500C3B697 /* TransactionSmallView.swift */,
				AF0376522AEBF86A00C3B697 /* TransactionSumView.swift */,
				AF0376542AEC19B200C3B697 /* TransactionCardSmallView.swift */,
			);
			path = Transaction;
			sourceTree = "<group>";
		};
		AF0376612AEC46F800C3B697 /* Lists */ = {
			isa = PBXGroup;
			children = (
				AF0376622AEC472900C3B697 /* TranactionCardListView.swift */,
			);
			path = Lists;
			sourceTree = "<group>";
		};
		AFD0EED22AE92C2E00ACEB3F = {
			isa = PBXGroup;
			children = (
				AFD0EEDD2AE92C2E00ACEB3F /* Spendbase */,
				AFD0EEDC2AE92C2E00ACEB3F /* Products */,
			);
			sourceTree = "<group>";
		};
		AFD0EEDC2AE92C2E00ACEB3F /* Products */ = {
			isa = PBXGroup;
			children = (
				AFD0EEDB2AE92C2E00ACEB3F /* Spendbase.app */,
			);
			name = Products;
			sourceTree = "<group>";
		};
		AFD0EEDD2AE92C2E00ACEB3F /* Spendbase */ = {
			isa = PBXGroup;
			children = (
				AF0376592AEC458500C3B697 /* Model */,
				AF0376582AEC457400C3B697 /* View */,
				AF03764D2AEBE7F700C3B697 /* ViewModel */,
				AF03764A2AEBE7BF00C3B697 /* Networking */,
				AFD0EEDE2AE92C2E00ACEB3F /* SpendbaseApp.swift */,
				AFD0EEE02AE92C2E00ACEB3F /* ContentView.swift */,
				AFD0EEE22AE92C3200ACEB3F /* Assets.xcassets */,
				AFD0EEE42AE92C3200ACEB3F /* Preview Content */,
				AF03763A2AEABA7C00C3B697 /* Extension.swift */,
				AF0376482AEBD84100C3B697 /* PartnerCircleView.swift */,
				AF0376562AEC26FC00C3B697 /* MockData.swift */,
			);
			path = Spendbase;
			sourceTree = "<group>";
		};
		AFD0EEE42AE92C3200ACEB3F /* Preview Content */ = {
			isa = PBXGroup;
			children = (
				AFD0EEE52AE92C3200ACEB3F /* Preview Assets.xcassets */,
			);
			path = "Preview Content";
			sourceTree = "<group>";
		};
/* End PBXGroup section */

/* Begin PBXNativeTarget section */
		AFD0EEDA2AE92C2E00ACEB3F /* Spendbase */ = {
			isa = PBXNativeTarget;
			buildConfigurationList = AFD0EEE92AE92C3200ACEB3F /* Build configuration list for PBXNativeTarget "Spendbase" */;
			buildPhases = (
				AFD0EED72AE92C2E00ACEB3F /* Sources */,
				AFD0EED82AE92C2E00ACEB3F /* Frameworks */,
				AFD0EED92AE92C2E00ACEB3F /* Resources */,
			);
			buildRules = (
			);
			dependencies = (
			);
			name = Spendbase;
			productName = Spendbase;
			productReference = AFD0EEDB2AE92C2E00ACEB3F /* Spendbase.app */;
			productType = "com.apple.product-type.application";
		};
/* End PBXNativeTarget section */

/* Begin PBXProject section */
		AFD0EED32AE92C2E00ACEB3F /* Project object */ = {
			isa = PBXProject;
			attributes = {
				BuildIndependentTargetsInParallel = 1;
				LastSwiftUpdateCheck = 1420;
				LastUpgradeCheck = 1420;
				TargetAttributes = {
					AFD0EEDA2AE92C2E00ACEB3F = {
						CreatedOnToolsVersion = 14.2;
					};
				};
			};
			buildConfigurationList = AFD0EED62AE92C2E00ACEB3F /* Build configuration list for PBXProject "Spendbase" */;
			compatibilityVersion = "Xcode 14.0";
			developmentRegion = en;
			hasScannedForEncodings = 0;
			knownRegions = (
				en,
				Base,
			);
			mainGroup = AFD0EED22AE92C2E00ACEB3F;
			productRefGroup = AFD0EEDC2AE92C2E00ACEB3F /* Products */;
			projectDirPath = "";
			projectRoot = "";
			targets = (
				AFD0EEDA2AE92C2E00ACEB3F /* Spendbase */,
			);
		};
/* End PBXProject section */

/* Begin PBXResourcesBuildPhase section */
		AFD0EED92AE92C2E00ACEB3F /* Resources */ = {
			isa = PBXResourcesBuildPhase;
			buildActionMask = 2147483647;
			files = (
				AFD0EEE62AE92C3200ACEB3F /* Preview Assets.xcassets in Resources */,
				AFD0EEE32AE92C3200ACEB3F /* Assets.xcassets in Resources */,
			);
			runOnlyForDeploymentPostprocessing = 0;
		};
/* End PBXResourcesBuildPhase section */

/* Begin PBXSourcesBuildPhase section */
		AFD0EED72AE92C2E00ACEB3F /* Sources */ = {
			isa = PBXSourcesBuildPhase;
			buildActionMask = 2147483647;
			files = (
				AF0376452AEBC6AB00C3B697 /* RecentTransactionsListView.swift in Sources */,
				AF0376552AEC19B200C3B697 /* TransactionCardSmallView.swift in Sources */,
				AF0376532AEBF86A00C3B697 /* TransactionSumView.swift in Sources */,
				AF03763B2AEABA7C00C3B697 /* Extension.swift in Sources */,
				AF03764C2AEBE7F100C3B697 /* BankingAPI.swift in Sources */,
				AF0376512AEBF5C500C3B697 /* CardDetailView.swift in Sources */,
				AF03765B2AEC45B500C3B697 /* Card.swift in Sources */,
				AF03764F2AEBE81400C3B697 /* BankingViewModel.swift in Sources */,
				AF0376472AEBC90500C3B697 /* TransactionSmallView.swift in Sources */,
				AF03763F2AEAC6BD00C3B697 /* MainScreenView.swift in Sources */,
				AFD0EEE12AE92C2E00ACEB3F /* ContentView.swift in Sources */,
				AF0376492AEBD84100C3B697 /* PartnerCircleView.swift in Sources */,
				AF03763D2AEABEB900C3B697 /* CardView.swift in Sources */,
				AF0376412AEB130200C3B697 /* CardSmallView.swift in Sources */,
				AF0376572AEC26FC00C3B697 /* MockData.swift in Sources */,
				AF0376432AEBA08100C3B697 /* MyCardsListView.swift in Sources */,
				AFD0EEDF2AE92C2E00ACEB3F /* SpendbaseApp.swift in Sources */,
				AF0376632AEC472900C3B697 /* TranactionCardListView.swift in Sources */,
			);
			runOnlyForDeploymentPostprocessing = 0;
		};
/* End PBXSourcesBuildPhase section */

/* Begin XCBuildConfiguration section */
		AFD0EEE72AE92C3200ACEB3F /* Debug */ = {
			isa = XCBuildConfiguration;
			buildSettings = {
				ALWAYS_SEARCH_USER_PATHS = NO;
				CLANG_ANALYZER_NONNULL = YES;
				CLANG_ANALYZER_NUMBER_OBJECT_CONVERSION = YES_AGGRESSIVE;
				CLANG_CXX_LANGUAGE_STANDARD = "gnu++20";
				CLANG_ENABLE_MODULES = YES;
				CLANG_ENABLE_OBJC_ARC = YES;
				CLANG_ENABLE_OBJC_WEAK = YES;
				CLANG_WARN_BLOCK_CAPTURE_AUTORELEASING = YES;
				CLANG_WARN_BOOL_CONVERSION = YES;
				CLANG_WARN_COMMA = YES;
				CLANG_WARN_CONSTANT_CONVERSION = YES;
				CLANG_WARN_DEPRECATED_OBJC_IMPLEMENTATIONS = YES;
				CLANG_WARN_DIRECT_OBJC_ISA_USAGE = YES_ERROR;
				CLANG_WARN_DOCUMENTATION_COMMENTS = YES;
				CLANG_WARN_EMPTY_BODY = YES;
				CLANG_WARN_ENUM_CONVERSION = YES;
				CLANG_WARN_INFINITE_RECURSION = YES;
				CLANG_WARN_INT_CONVERSION = YES;
				CLANG_WARN_NON_LITERAL_NULL_CONVERSION = YES;
				CLANG_WARN_OBJC_IMPLICIT_RETAIN_SELF = YES;
				CLANG_WARN_OBJC_LITERAL_CONVERSION = YES;
				CLANG_WARN_OBJC_ROOT_CLASS = YES_ERROR;
				CLANG_WARN_QUOTED_INCLUDE_IN_FRAMEWORK_HEADER = YES;
				CLANG_WARN_RANGE_LOOP_ANALYSIS = YES;
				CLANG_WARN_STRICT_PROTOTYPES = YES;
				CLANG_WARN_SUSPICIOUS_MOVE = YES;
				CLANG_WARN_UNGUARDED_AVAILABILITY = YES_AGGRESSIVE;
				CLANG_WARN_UNREACHABLE_CODE = YES;
				CLANG_WARN__DUPLICATE_METHOD_MATCH = YES;
				COPY_PHASE_STRIP = NO;
				DEBUG_INFORMATION_FORMAT = dwarf;
				ENABLE_STRICT_OBJC_MSGSEND = YES;
				ENABLE_TESTABILITY = YES;
				GCC_C_LANGUAGE_STANDARD = gnu11;
				GCC_DYNAMIC_NO_PIC = NO;
				GCC_NO_COMMON_BLOCKS = YES;
				GCC_OPTIMIZATION_LEVEL = 0;
				GCC_PREPROCESSOR_DEFINITIONS = (
					"DEBUG=1",
					"$(inherited)",
				);
				GCC_WARN_64_TO_32_BIT_CONVERSION = YES;
				GCC_WARN_ABOUT_RETURN_TYPE = YES_ERROR;
				GCC_WARN_UNDECLARED_SELECTOR = YES;
				GCC_WARN_UNINITIALIZED_AUTOS = YES_AGGRESSIVE;
				GCC_WARN_UNUSED_FUNCTION = YES;
				GCC_WARN_UNUSED_VARIABLE = YES;
				IPHONEOS_DEPLOYMENT_TARGET = 16.2;
				MTL_ENABLE_DEBUG_INFO = INCLUDE_SOURCE;
				MTL_FAST_MATH = YES;
				ONLY_ACTIVE_ARCH = YES;
				SDKROOT = iphoneos;
				SWIFT_ACTIVE_COMPILATION_CONDITIONS = DEBUG;
				SWIFT_OPTIMIZATION_LEVEL = "-Onone";
			};
			name = Debug;
		};
		AFD0EEE82AE92C3200ACEB3F /* Release */ = {
			isa = XCBuildConfiguration;
			buildSettings = {
				ALWAYS_SEARCH_USER_PATHS = NO;
				CLANG_ANALYZER_NONNULL = YES;
				CLANG_ANALYZER_NUMBER_OBJECT_CONVERSION = YES_AGGRESSIVE;
				CLANG_CXX_LANGUAGE_STANDARD = "gnu++20";
				CLANG_ENABLE_MODULES = YES;
				CLANG_ENABLE_OBJC_ARC = YES;
				CLANG_ENABLE_OBJC_WEAK = YES;
				CLANG_WARN_BLOCK_CAPTURE_AUTORELEASING = YES;
				CLANG_WARN_BOOL_CONVERSION = YES;
				CLANG_WARN_COMMA = YES;
				CLANG_WARN_CONSTANT_CONVERSION = YES;
				CLANG_WARN_DEPRECATED_OBJC_IMPLEMENTATIONS = YES;
				CLANG_WARN_DIRECT_OBJC_ISA_USAGE = YES_ERROR;
				CLANG_WARN_DOCUMENTATION_COMMENTS = YES;
				CLANG_WARN_EMPTY_BODY = YES;
				CLANG_WARN_ENUM_CONVERSION = YES;
				CLANG_WARN_INFINITE_RECURSION = YES;
				CLANG_WARN_INT_CONVERSION = YES;
				CLANG_WARN_NON_LITERAL_NULL_CONVERSION = YES;
				CLANG_WARN_OBJC_IMPLICIT_RETAIN_SELF = YES;
				CLANG_WARN_OBJC_LITERAL_CONVERSION = YES;
				CLANG_WARN_OBJC_ROOT_CLASS = YES_ERROR;
				CLANG_WARN_QUOTED_INCLUDE_IN_FRAMEWORK_HEADER = YES;
				CLANG_WARN_RANGE_LOOP_ANALYSIS = YES;
				CLANG_WARN_STRICT_PROTOTYPES = YES;
				CLANG_WARN_SUSPICIOUS_MOVE = YES;
				CLANG_WARN_UNGUARDED_AVAILABILITY = YES_AGGRESSIVE;
				CLANG_WARN_UNREACHABLE_CODE = YES;
				CLANG_WARN__DUPLICATE_METHOD_MATCH = YES;
				COPY_PHASE_STRIP = NO;
				DEBUG_INFORMATION_FORMAT = "dwarf-with-dsym";
				ENABLE_NS_ASSERTIONS = NO;
				ENABLE_STRICT_OBJC_MSGSEND = YES;
				GCC_C_LANGUAGE_STANDARD = gnu11;
				GCC_NO_COMMON_BLOCKS = YES;
				GCC_WARN_64_TO_32_BIT_CONVERSION = YES;
				GCC_WARN_ABOUT_RETURN_TYPE = YES_ERROR;
				GCC_WARN_UNDECLARED_SELECTOR = YES;
				GCC_WARN_UNINITIALIZED_AUTOS = YES_AGGRESSIVE;
				GCC_WARN_UNUSED_FUNCTION = YES;
				GCC_WARN_UNUSED_VARIABLE = YES;
				IPHONEOS_DEPLOYMENT_TARGET = 16.2;
				MTL_ENABLE_DEBUG_INFO = NO;
				MTL_FAST_MATH = YES;
				SDKROOT = iphoneos;
				SWIFT_COMPILATION_MODE = wholemodule;
				SWIFT_OPTIMIZATION_LEVEL = "-O";
				VALIDATE_PRODUCT = YES;
			};
			name = Release;
		};
		AFD0EEEA2AE92C3200ACEB3F /* Debug */ = {
			isa = XCBuildConfiguration;
			buildSettings = {
				ASSETCATALOG_COMPILER_APPICON_NAME = AppIcon;
				ASSETCATALOG_COMPILER_GLOBAL_ACCENT_COLOR_NAME = AccentColor;
				CODE_SIGN_STYLE = Automatic;
				CURRENT_PROJECT_VERSION = 1;
				DEVELOPMENT_ASSET_PATHS = "\"Spendbase/Preview Content\"";
				DEVELOPMENT_TEAM = S25S2XR8HU;
				ENABLE_PREVIEWS = YES;
				GENERATE_INFOPLIST_FILE = YES;
				INFOPLIST_KEY_UIApplicationSceneManifest_Generation = YES;
				INFOPLIST_KEY_UIApplicationSupportsIndirectInputEvents = YES;
				INFOPLIST_KEY_UILaunchScreen_Generation = YES;
				INFOPLIST_KEY_UISupportedInterfaceOrientations_iPad = "UIInterfaceOrientationPortrait UIInterfaceOrientationPortraitUpsideDown UIInterfaceOrientationLandscapeLeft UIInterfaceOrientationLandscapeRight";
				INFOPLIST_KEY_UISupportedInterfaceOrientations_iPhone = "UIInterfaceOrientationPortrait UIInterfaceOrientationLandscapeLeft UIInterfaceOrientationLandscapeRight";
				LD_RUNPATH_SEARCH_PATHS = (
					"$(inherited)",
					"@executable_path/Frameworks",
				);
				MARKETING_VERSION = 1.0;
				PRODUCT_BUNDLE_IDENTIFIER = ua.edu.ukma.maister.Spendbase;
				PRODUCT_NAME = "$(TARGET_NAME)";
				SWIFT_EMIT_LOC_STRINGS = YES;
				SWIFT_VERSION = 5.0;
				TARGETED_DEVICE_FAMILY = "1,2";
			};
			name = Debug;
		};
		AFD0EEEB2AE92C3200ACEB3F /* Release */ = {
			isa = XCBuildConfiguration;
			buildSettings = {
				ASSETCATALOG_COMPILER_APPICON_NAME = AppIcon;
				ASSETCATALOG_COMPILER_GLOBAL_ACCENT_COLOR_NAME = AccentColor;
				CODE_SIGN_STYLE = Automatic;
				CURRENT_PROJECT_VERSION = 1;
				DEVELOPMENT_ASSET_PATHS = "\"Spendbase/Preview Content\"";
				DEVELOPMENT_TEAM = S25S2XR8HU;
				ENABLE_PREVIEWS = YES;
				GENERATE_INFOPLIST_FILE = YES;
				INFOPLIST_KEY_UIApplicationSceneManifest_Generation = YES;
				INFOPLIST_KEY_UIApplicationSupportsIndirectInputEvents = YES;
				INFOPLIST_KEY_UILaunchScreen_Generation = YES;
				INFOPLIST_KEY_UISupportedInterfaceOrientations_iPad = "UIInterfaceOrientationPortrait UIInterfaceOrientationPortraitUpsideDown UIInterfaceOrientationLandscapeLeft UIInterfaceOrientationLandscapeRight";
				INFOPLIST_KEY_UISupportedInterfaceOrientations_iPhone = "UIInterfaceOrientationPortrait UIInterfaceOrientationLandscapeLeft UIInterfaceOrientationLandscapeRight";
				LD_RUNPATH_SEARCH_PATHS = (
					"$(inherited)",
					"@executable_path/Frameworks",
				);
				MARKETING_VERSION = 1.0;
				PRODUCT_BUNDLE_IDENTIFIER = ua.edu.ukma.maister.Spendbase;
				PRODUCT_NAME = "$(TARGET_NAME)";
				SWIFT_EMIT_LOC_STRINGS = YES;
				SWIFT_VERSION = 5.0;
				TARGETED_DEVICE_FAMILY = "1,2";
			};
			name = Release;
		};
/* End XCBuildConfiguration section */

/* Begin XCConfigurationList section */
		AFD0EED62AE92C2E00ACEB3F /* Build configuration list for PBXProject "Spendbase" */ = {
			isa = XCConfigurationList;
			buildConfigurations = (
				AFD0EEE72AE92C3200ACEB3F /* Debug */,
				AFD0EEE82AE92C3200ACEB3F /* Release */,
			);
			defaultConfigurationIsVisible = 0;
			defaultConfigurationName = Release;
		};
		AFD0EEE92AE92C3200ACEB3F /* Build configuration list for PBXNativeTarget "Spendbase" */ = {
			isa = XCConfigurationList;
			buildConfigurations = (
				AFD0EEEA2AE92C3200ACEB3F /* Debug */,
				AFD0EEEB2AE92C3200ACEB3F /* Release */,
			);
			defaultConfigurationIsVisible = 0;
			defaultConfigurationName = Release;
		};
/* End XCConfigurationList section */
	};
	rootObject = AFD0EED32AE92C2E00ACEB3F /* Project object */;
}
